<Solution>
  <Project Path="Unity.Timeline.csproj" />
  <Project Path="Unity.PlasticSCM.Editor.csproj" />
  <Project Path="Unity.2D.Aseprite.Editor.csproj" />
  <Project Path="Assembly-CSharp.csproj" />
  <Project Path="Unity.Mathematics.csproj" />
  <Project Path="Unity.Timeline.Editor.csproj" />
  <Project Path="Unity.2D.IK.Runtime.csproj" />
  <Project Path="Unity.Collections.csproj" />
  <Project Path="UniRx.csproj" />
  <Project Path="Unity.2D.Psdimporter.Editor.csproj" />
  <Project Path="Unity.VisualScripting.Core.Editor.csproj" />
  <Project Path="Unity.PerformanceTesting.Editor.csproj" />
  <Project Path="Unity.Splines.csproj" />
  <Project Path="Unity.Burst.csproj" />
  <Project Path="Unity.VisualScripting.Flow.Editor.csproj" />
  <Project Path="Cinemachine.csproj" />
  <Project Path="Unity.Recorder.Editor.csproj" />
  <Project Path="Unity.2D.SpriteShape.Editor.csproj" />
  <Project Path="Unity.InputSystem.csproj" />
  <Project Path="Unity.VisualStudio.Editor.csproj" />
  <Project Path="Unity.2D.Animation.Editor.csproj" />
  <Project Path="AstarPathfindingProject.csproj" />
  <Project Path="Unity.Searcher.Editor.csproj" />
  <Project Path="Unity.2D.SpriteShape.Runtime.csproj" />
  <Project Path="Unity.VisualScripting.Core.csproj" />
  <Project Path="Newtonsoft.Json.UnityConverters.csproj" />
  <Project Path="Unity.AI.Navigation.Editor.ConversionSystem.csproj" />
  <Project Path="Unity.VisualScripting.State.Editor.csproj" />
  <Project Path="Unity.Burst.CodeGen.csproj" />
  <Project Path="Unity.VisualScripting.Flow.csproj" />
  <Project Path="Unity.Splines.Editor.csproj" />
  <Project Path="Unity.PerformanceTesting.csproj" />
  <Project Path="Unity.2D.Tilemap.Extras.Editor.csproj" />
  <Project Path="Ink-Libraries.csproj" />
  <Project Path="PsdPlugin.csproj" />
  <Project Path="Unity.2D.IK.Editor.csproj" />
  <Project Path="Unity.InternalAPIEngineBridge.001.csproj" />
  <Project Path="com.unity.cinemachine.editor.csproj" />
  <Project Path="Unity.Burst.Editor.csproj" />
  <Project Path="Unity.2D.Common.Path.Editor.csproj" />
  <Project Path="Unity.2D.Common.Editor.csproj" />
  <Project Path="ScriptablePacker.csproj" />
  <Project Path="VoidEvent.csproj" />
  <Project Path="Unity.Rider.Editor.csproj" />
  <Project Path="Unity.2D.Tooling.Editor.csproj" />
  <Project Path="Unity.VisualScripting.State.csproj" />
  <Project Path="Unity.InternalAPIEditorBridge.001.csproj" />
  <Project Path="Unity.AI.Navigation.Updater.csproj" />
  <Project Path="IntEvent.csproj" />
  <Project Path="PackageToolsEditor.csproj" />
  <Project Path="InkEditor.csproj" />
  <Project Path="Unity.AI.Navigation.Editor.csproj" />
  <Project Path="Unity.2D.PixelPerfect.Editor.csproj" />
  <Project Path="Unity.Recorder.csproj" />
  <Project Path="Assembly-CSharp-Editor.csproj" />
  <Project Path="Unity.InputSystem.ForUI.csproj" />
  <Project Path="Unity.AI.Navigation.csproj" />
  <Project Path="TNRD.SerializableInterface.csproj" />
  <Project Path="Unity.Collections.CodeGen.csproj" />
  <Project Path="Unity.2D.Tilemap.Extras.csproj" />
  <Project Path="Unity.2D.Animation.Runtime.csproj" />
  <Project Path="Unity.Mathematics.Editor.csproj" />
  <Project Path="Unity.VisualScripting.SettingsProvider.Editor.csproj" />
  <Project Path="TNRD.SerializableInterface.Editor.csproj" />
  <Project Path="SmartScriptableObjects.csproj" />
  <Project Path="Unity.2D.Common.Runtime.csproj" />
  <Project Path="Newtonsoft.Json.UnityConverters.Mathematics.csproj" />
  <Project Path="AstarPathfindingProjectEditor.csproj" />
  <Project Path="Unity.Settings.Editor.csproj" />
  <Project Path="Newtonsoft.Json.UnityConverters.Editor.csproj" />
  <Project Path="Unity.InputSystem.TestFramework.csproj" />
  <Project Path="Unity.CollabProxy.Editor.csproj" />
  <Project Path="Unity.VisualScripting.Shared.Editor.csproj" />
  <Project Path="Unity.Recorder.Base.csproj" />
  <Project Path="Unity.2D.Aseprite.Common.csproj" />
  <Project Path="Unity.Bindings.OpenImageIO.Editor.csproj" />
  <Project Path="Unity.2D.PixelPerfect.csproj" />
  <Project Path="Unity.InputSystem.DocCodeSamples.csproj" />
  <Project Path="EventBasedSO.csproj" />
  <Project Path="Unity.VisualScripting.DocCodeExamples.csproj" />
  <Project Path="Unity.PlasticSCM.Editor.Entities.csproj" />
  <Project Path="Unity.Collections.Editor.csproj" />
</Solution>
